
Microsoft Visual Studio Solution File, Format Version 12.00
# Visual Studio Version 16
VisualStudioVersion = 16.0.28803.352
MinimumVisualStudioVersion = 10.0.40219.1
Project("{9A19103F-16F7-4668-BE54-9A1E7A4F7556}") = "Breakdown", "Breakdown\Breakdown.csproj", "{AD663A33-54CC-436C-9C8F-9A10D6D4106C}"
EndProject
Project("{9A19103F-16F7-4668-BE54-9A1E7A4F7556}") = "Breakdown.Import", "Breakdown.Import\Breakdown.Import.csproj", "{0241247B-59A7-4B95-97F5-D0E6B39E598D}"
EndProject
Project("{9A19103F-16F7-4668-BE54-9A1E7A4F7556}") = "Breakdown.Data", "Breakdown.Data\Breakdown.Data.csproj", "{675249B0-0C14-4183-880D-FC9B0C3FFE60}"
EndProject
Project("{2150E333-8FDC-42A3-9474-1A3956D46DE8}") = "tests", "tests", "{76C49617-17D2-4EAE-8AE7-6F1319C7FEBC}"
EndProject
Project("{9A19103F-16F7-4668-BE54-9A1E7A4F7556}") = "Breakdown.Import.Tests", "Breakdown.Import.Tests\Breakdown.Import.Tests.csproj", "{6A575680-AEF5-493D-AA28-B2E881C7B940}"
EndProject
Global
	GlobalSection(SolutionConfigurationPlatforms) = preSolution
		Debug|Any CPU = Debug|Any CPU
		Release|Any CPU = Release|Any CPU
	EndGlobalSection
	GlobalSection(ProjectConfigurationPlatforms) = postSolution
		{AD663A33-54CC-436C-9C8F-9A10D6D4106C}.Debug|Any CPU.ActiveCfg = Debug|Any CPU
		{AD663A33-54CC-436C-9C8F-9A10D6D4106C}.Release|Any CPU.ActiveCfg = Release|Any CPU
		{AD663A33-54CC-436C-9C8F-9A10D6D4106C}.Release|Any CPU.Build.0 = Release|Any CPU
		{0241247B-59A7-4B95-97F5-D0E6B39E598D}.Debug|Any CPU.ActiveCfg = Debug|Any CPU
		{0241247B-59A7-4B95-97F5-D0E6B39E598D}.Debug|Any CPU.Build.0 = Debug|Any CPU
		{0241247B-59A7-4B95-97F5-D0E6B39E598D}.Release|Any CPU.ActiveCfg = Release|Any CPU
		{0241247B-59A7-4B95-97F5-D0E6B39E598D}.Release|Any CPU.Build.0 = Release|Any CPU
		{675249B0-0C14-4183-880D-FC9B0C3FFE60}.Debug|Any CPU.ActiveCfg = Debug|Any CPU
		{675249B0-0C14-4183-880D-FC9B0C3FFE60}.Debug|Any CPU.Build.0 = Debug|Any CPU
		{675249B0-0C14-4183-880D-FC9B0C3FFE60}.Release|Any CPU.ActiveCfg = Release|Any CPU
		{675249B0-0C14-4183-880D-FC9B0C3FFE60}.Release|Any CPU.Build.0 = Release|Any CPU
		{6A575680-AEF5-493D-AA28-B2E881C7B940}.Debug|Any CPU.ActiveCfg = Debug|Any CPU
		{6A575680-AEF5-493D-AA28-B2E881C7B940}.Debug|Any CPU.Build.0 = Debug|Any CPU
		{6A575680-AEF5-493D-AA28-B2E881C7B940}.Release|Any CPU.ActiveCfg = Release|Any CPU
		{6A575680-AEF5-493D-AA28-B2E881C7B940}.Release|Any CPU.Build.0 = Release|Any CPU
	EndGlobalSection
	GlobalSection(SolutionProperties) = preSolution
		HideSolutionNode = FALSE
	EndGlobalSection
	GlobalSection(NestedProjects) = preSolution
		{6A575680-AEF5-493D-AA28-B2E881C7B940} = {76C49617-17D2-4EAE-8AE7-6F1319C7FEBC}
	EndGlobalSection
	GlobalSection(ExtensibilityGlobals) = postSolution
		SolutionGuid = {2E58029C-156F-4110-AE7D-52B3D8EFF07E}
	EndGlobalSection
EndGlobal
